// !$*UTF8*$!
{
	archiveVersion = 1;
	classes = {
	};
	objectVersion = 56;
	objects = {

/* Begin PBXBuildFile section */
		4522D5D32B5143800081C190 /* WeatherViewModel.swift in Sources */ = {isa = PBXBuildFile; fileRef = 4522D5D22B5143800081C190 /* WeatherViewModel.swift */; };
		4522D5D52B5144D20081C190 /* MockWeatherService.swift in Sources */ = {isa = PBXBuildFile; fileRef = 4522D5D42B5144D20081C190 /* MockWeatherService.swift */; };
		4522D5D82B51459B0081C190 /* String+Values.swift in Sources */ = {isa = PBXBuildFile; fileRef = 4522D5D72B51459B0081C190 /* String+Values.swift */; };
		4522D5DA2B51467C0081C190 /* Double+Values.swift in Sources */ = {isa = PBXBuildFile; fileRef = 4522D5D92B51467C0081C190 /* Double+Values.swift */; };
		4522D5E02B514B570081C190 /* URL+Utils.swift in Sources */ = {isa = PBXBuildFile; fileRef = 4522D5DF2B514B570081C190 /* URL+Utils.swift */; };
		45CB4C3C2B5126C400C38614 /* Weather.swift in Sources */ = {isa = PBXBuildFile; fileRef = 45CB4C3B2B5126C400C38614 /* Weather.swift */; };
		45CB4C3F2B51280500C38614 /* WeatherServiceRequestable.swift in Sources */ = {isa = PBXBuildFile; fileRef = 45CB4C3E2B51280500C38614 /* WeatherServiceRequestable.swift */; };
		45CB4C422B51288500C38614 /* WeatherService.swift in Sources */ = {isa = PBXBuildFile; fileRef = 45CB4C412B51288500C38614 /* WeatherService.swift */; };
		45CB4C442B5128EA00C38614 /* Secrets.swift in Sources */ = {isa = PBXBuildFile; fileRef = 45CB4C432B5128EA00C38614 /* Secrets.swift */; };
		45CB4C4C2B512A2000C38614 /* MCWeatherServiceTests.swift in Sources */ = {isa = PBXBuildFile; fileRef = 45CB4C4B2B512A2000C38614 /* MCWeatherServiceTests.swift */; };
		45CB4C552B512A9900C38614 /* URL+Values.swift in Sources */ = {isa = PBXBuildFile; fileRef = 45CB4C542B512A9900C38614 /* URL+Values.swift */; };
		45CB4C572B512CD700C38614 /* WeatherServiceError.swift in Sources */ = {isa = PBXBuildFile; fileRef = 45CB4C562B512CD700C38614 /* WeatherServiceError.swift */; };
		45E941862B5122FA00CE68C9 /* MCWeatherApp.swift in Sources */ = {isa = PBXBuildFile; fileRef = 45E941852B5122FA00CE68C9 /* MCWeatherApp.swift */; };
		45E941882B5122FA00CE68C9 /* WeatherScreen.swift in Sources */ = {isa = PBXBuildFile; fileRef = 45E941872B5122FA00CE68C9 /* WeatherScreen.swift */; };
		45E9418A2B5122FB00CE68C9 /* Assets.xcassets in Resources */ = {isa = PBXBuildFile; fileRef = 45E941892B5122FB00CE68C9 /* Assets.xcassets */; };
		45E9418D2B5122FB00CE68C9 /* Preview Assets.xcassets in Resources */ = {isa = PBXBuildFile; fileRef = 45E9418C2B5122FB00CE68C9 /* Preview Assets.xcassets */; };
		45F8306F2B515395000518EC /* MCWeatherViewModelTests.swift in Sources */ = {isa = PBXBuildFile; fileRef = 45F8306E2B515395000518EC /* MCWeatherViewModelTests.swift */; };
		45F830762B516E3E000518EC /* Endpoint.swift in Sources */ = {isa = PBXBuildFile; fileRef = 45F830752B516E3E000518EC /* Endpoint.swift */; };
		45F830792B516FE4000518EC /* OnecallEndpoint.swift in Sources */ = {isa = PBXBuildFile; fileRef = 45F830782B516FE4000518EC /* OnecallEndpoint.swift */; };
		45F8307B2B5173C0000518EC /* NetworkManager.swift in Sources */ = {isa = PBXBuildFile; fileRef = 45F8307A2B5173C0000518EC /* NetworkManager.swift */; };
		45F8307D2B51744D000518EC /* Endpoint+WeatherValues.swift in Sources */ = {isa = PBXBuildFile; fileRef = 45F8307C2B51744D000518EC /* Endpoint+WeatherValues.swift */; };
/* End PBXBuildFile section */

/* Begin PBXContainerItemProxy section */
		45CB4C4D2B512A2000C38614 /* PBXContainerItemProxy */ = {
			isa = PBXContainerItemProxy;
			containerPortal = 45E9417A2B5122FA00CE68C9 /* Project object */;
			proxyType = 1;
			remoteGlobalIDString = 45E941812B5122FA00CE68C9;
			remoteInfo = MCWeather;
		};
/* End PBXContainerItemProxy section */

/* Begin PBXFileReference section */
		4522D5D22B5143800081C190 /* WeatherViewModel.swift */ = {isa = PBXFileReference; lastKnownFileType = sourcecode.swift; path = WeatherViewModel.swift; sourceTree = "<group>"; };
		4522D5D42B5144D20081C190 /* MockWeatherService.swift */ = {isa = PBXFileReference; lastKnownFileType = sourcecode.swift; path = MockWeatherService.swift; sourceTree = "<group>"; };
		4522D5D72B51459B0081C190 /* String+Values.swift */ = {isa = PBXFileReference; lastKnownFileType = sourcecode.swift; path = "String+Values.swift"; sourceTree = "<group>"; };
		4522D5D92B51467C0081C190 /* Double+Values.swift */ = {isa = PBXFileReference; lastKnownFileType = sourcecode.swift; path = "Double+Values.swift"; sourceTree = "<group>"; };
		4522D5DF2B514B570081C190 /* URL+Utils.swift */ = {isa = PBXFileReference; lastKnownFileType = sourcecode.swift; path = "URL+Utils.swift"; sourceTree = "<group>"; };
		45CB4C3B2B5126C400C38614 /* Weather.swift */ = {isa = PBXFileReference; lastKnownFileType = sourcecode.swift; path = Weather.swift; sourceTree = "<group>"; };
		45CB4C3E2B51280500C38614 /* WeatherServiceRequestable.swift */ = {isa = PBXFileReference; lastKnownFileType = sourcecode.swift; path = WeatherServiceRequestable.swift; sourceTree = "<group>"; };
		45CB4C412B51288500C38614 /* WeatherService.swift */ = {isa = PBXFileReference; lastKnownFileType = sourcecode.swift; path = WeatherService.swift; sourceTree = "<group>"; };
		45CB4C432B5128EA00C38614 /* Secrets.swift */ = {isa = PBXFileReference; lastKnownFileType = sourcecode.swift; path = Secrets.swift; sourceTree = "<group>"; };
		45CB4C492B512A2000C38614 /* MCWeatherTests.xctest */ = {isa = PBXFileReference; explicitFileType = wrapper.cfbundle; includeInIndex = 0; path = MCWeatherTests.xctest; sourceTree = BUILT_PRODUCTS_DIR; };
		45CB4C4B2B512A2000C38614 /* MCWeatherServiceTests.swift */ = {isa = PBXFileReference; lastKnownFileType = sourcecode.swift; path = MCWeatherServiceTests.swift; sourceTree = "<group>"; };
		45CB4C542B512A9900C38614 /* URL+Values.swift */ = {isa = PBXFileReference; lastKnownFileType = sourcecode.swift; path = "URL+Values.swift"; sourceTree = "<group>"; };
		45CB4C562B512CD700C38614 /* WeatherServiceError.swift */ = {isa = PBXFileReference; lastKnownFileType = sourcecode.swift; path = WeatherServiceError.swift; sourceTree = "<group>"; };
		45E941822B5122FA00CE68C9 /* MCWeather.app */ = {isa = PBXFileReference; explicitFileType = wrapper.application; includeInIndex = 0; path = MCWeather.app; sourceTree = BUILT_PRODUCTS_DIR; };
		45E941852B5122FA00CE68C9 /* MCWeatherApp.swift */ = {isa = PBXFileReference; lastKnownFileType = sourcecode.swift; path = MCWeatherApp.swift; sourceTree = "<group>"; };
		45E941872B5122FA00CE68C9 /* WeatherScreen.swift */ = {isa = PBXFileReference; lastKnownFileType = sourcecode.swift; path = WeatherScreen.swift; sourceTree = "<group>"; };
		45E941892B5122FB00CE68C9 /* Assets.xcassets */ = {isa = PBXFileReference; lastKnownFileType = folder.assetcatalog; path = Assets.xcassets; sourceTree = "<group>"; };
		45E9418C2B5122FB00CE68C9 /* Preview Assets.xcassets */ = {isa = PBXFileReference; lastKnownFileType = folder.assetcatalog; path = "Preview Assets.xcassets"; sourceTree = "<group>"; };
		45F8306D2B515119000518EC /* Info.plist */ = {isa = PBXFileReference; lastKnownFileType = text.plist; path = Info.plist; sourceTree = "<group>"; };
		45F8306E2B515395000518EC /* MCWeatherViewModelTests.swift */ = {isa = PBXFileReference; lastKnownFileType = sourcecode.swift; path = MCWeatherViewModelTests.swift; sourceTree = "<group>"; };
		45F830752B516E3E000518EC /* Endpoint.swift */ = {isa = PBXFileReference; lastKnownFileType = sourcecode.swift; path = Endpoint.swift; sourceTree = "<group>"; };
		45F830782B516FE4000518EC /* OnecallEndpoint.swift */ = {isa = PBXFileReference; lastKnownFileType = sourcecode.swift; path = OnecallEndpoint.swift; sourceTree = "<group>"; };
		45F8307A2B5173C0000518EC /* NetworkManager.swift */ = {isa = PBXFileReference; lastKnownFileType = sourcecode.swift; path = NetworkManager.swift; sourceTree = "<group>"; };
		45F8307C2B51744D000518EC /* Endpoint+WeatherValues.swift */ = {isa = PBXFileReference; lastKnownFileType = sourcecode.swift; path = "Endpoint+WeatherValues.swift"; sourceTree = "<group>"; };
/* End PBXFileReference section */

/* Begin PBXFrameworksBuildPhase section */
		45CB4C462B512A2000C38614 /* Frameworks */ = {
			isa = PBXFrameworksBuildPhase;
			buildActionMask = 2147483647;
			files = (
			);
			runOnlyForDeploymentPostprocessing = 0;
		};
		45E9417F2B5122FA00CE68C9 /* Frameworks */ = {
			isa = PBXFrameworksBuildPhase;
			buildActionMask = 2147483647;
			files = (
			);
			runOnlyForDeploymentPostprocessing = 0;
		};
/* End PBXFrameworksBuildPhase section */

/* Begin PBXGroup section */
		4522D5D62B5145900081C190 /* Values */ = {
			isa = PBXGroup;
			children = (
				45CB4C542B512A9900C38614 /* URL+Values.swift */,
				4522D5D72B51459B0081C190 /* String+Values.swift */,
				4522D5D92B51467C0081C190 /* Double+Values.swift */,
			);
			path = Values;
			sourceTree = "<group>";
		};
		4522D5E12B514B5C0081C190 /* Helpers */ = {
			isa = PBXGroup;
			children = (
				4522D5DF2B514B570081C190 /* URL+Utils.swift */,
			);
			path = Helpers;
			sourceTree = "<group>";
		};
		45CB4C382B51265F00C38614 /* Views */ = {
			isa = PBXGroup;
			children = (
				45E941872B5122FA00CE68C9 /* WeatherScreen.swift */,
			);
			path = Views;
			sourceTree = "<group>";
		};
		45CB4C3D2B5126CA00C38614 /* Models */ = {
			isa = PBXGroup;
			children = (
				45CB4C3B2B5126C400C38614 /* Weather.swift */,
			);
			path = Models;
			sourceTree = "<group>";
		};
		45CB4C402B51281200C38614 /* Service */ = {
			isa = PBXGroup;
			children = (
				45F830742B516879000518EC /* WeatherService */,
				45F830732B51686A000518EC /* Core */,
			);
			path = Service;
			sourceTree = "<group>";
		};
		45CB4C4A2B512A2000C38614 /* MCWeatherTests */ = {
			isa = PBXGroup;
			children = (
				45CB4C4B2B512A2000C38614 /* MCWeatherServiceTests.swift */,
				45F8306E2B515395000518EC /* MCWeatherViewModelTests.swift */,
			);
			path = MCWeatherTests;
			sourceTree = "<group>";
		};
		45E941792B5122FA00CE68C9 = {
			isa = PBXGroup;
			children = (
				45E941842B5122FA00CE68C9 /* MCWeather */,
				45CB4C4A2B512A2000C38614 /* MCWeatherTests */,
				45E941832B5122FA00CE68C9 /* Products */,
			);
			sourceTree = "<group>";
		};
		45E941832B5122FA00CE68C9 /* Products */ = {
			isa = PBXGroup;
			children = (
				45E941822B5122FA00CE68C9 /* MCWeather.app */,
				45CB4C492B512A2000C38614 /* MCWeatherTests.xctest */,
			);
			name = Products;
			sourceTree = "<group>";
		};
		45E941842B5122FA00CE68C9 /* MCWeather */ = {
			isa = PBXGroup;
			children = (
				45F8306D2B515119000518EC /* Info.plist */,
				45CB4C402B51281200C38614 /* Service */,
				45E941852B5122FA00CE68C9 /* MCWeatherApp.swift */,
				45CB4C382B51265F00C38614 /* Views */,
				45E941892B5122FB00CE68C9 /* Assets.xcassets */,
				45E9418B2B5122FB00CE68C9 /* Preview Content */,
				45CB4C3D2B5126CA00C38614 /* Models */,
				4522D5D62B5145900081C190 /* Values */,
				45F830702B516235000518EC /* ViewModels */,
				4522D5E12B514B5C0081C190 /* Helpers */,
			);
			path = MCWeather;
			sourceTree = "<group>";
		};
		45E9418B2B5122FB00CE68C9 /* Preview Content */ = {
			isa = PBXGroup;
			children = (
				45E9418C2B5122FB00CE68C9 /* Preview Assets.xcassets */,
			);
			path = "Preview Content";
			sourceTree = "<group>";
		};
		45F830702B516235000518EC /* ViewModels */ = {
			isa = PBXGroup;
			children = (
				4522D5D22B5143800081C190 /* WeatherViewModel.swift */,
			);
			path = ViewModels;
			sourceTree = "<group>";
		};
		45F830732B51686A000518EC /* Core */ = {
			isa = PBXGroup;
			children = (
				45F830752B516E3E000518EC /* Endpoint.swift */,
				45CB4C432B5128EA00C38614 /* Secrets.swift */,
				45F8307A2B5173C0000518EC /* NetworkManager.swift */,
			);
			path = Core;
			sourceTree = "<group>";
		};
		45F830742B516879000518EC /* WeatherService */ = {
			isa = PBXGroup;
			children = (
				45CB4C3E2B51280500C38614 /* WeatherServiceRequestable.swift */,
				45CB4C412B51288500C38614 /* WeatherService.swift */,
				45CB4C562B512CD700C38614 /* WeatherServiceError.swift */,
				4522D5D42B5144D20081C190 /* MockWeatherService.swift */,
				45F830772B516FD7000518EC /* Endpoints */,
			);
			path = WeatherService;
			sourceTree = "<group>";
		};
		45F830772B516FD7000518EC /* Endpoints */ = {
			isa = PBXGroup;
			children = (
				45F830782B516FE4000518EC /* OnecallEndpoint.swift */,
				45F8307C2B51744D000518EC /* Endpoint+WeatherValues.swift */,
			);
			path = Endpoints;
			sourceTree = "<group>";
		};
/* End PBXGroup section */

/* Begin PBXNativeTarget section */
		45CB4C482B512A2000C38614 /* MCWeatherTests */ = {
			isa = PBXNativeTarget;
			buildConfigurationList = 45CB4C4F2B512A2000C38614 /* Build configuration list for PBXNativeTarget "MCWeatherTests" */;
			buildPhases = (
				45CB4C452B512A2000C38614 /* Sources */,
				45CB4C462B512A2000C38614 /* Frameworks */,
				45CB4C472B512A2000C38614 /* Resources */,
			);
			buildRules = (
			);
			dependencies = (
				45CB4C4E2B512A2000C38614 /* PBXTargetDependency */,
			);
			name = MCWeatherTests;
			productName = MCWeatherTests;
			productReference = 45CB4C492B512A2000C38614 /* MCWeatherTests.xctest */;
			productType = "com.apple.product-type.bundle.unit-test";
		};
		45E941812B5122FA00CE68C9 /* MCWeather */ = {
			isa = PBXNativeTarget;
			buildConfigurationList = 45E941902B5122FB00CE68C9 /* Build configuration list for PBXNativeTarget "MCWeather" */;
			buildPhases = (
				45E9417E2B5122FA00CE68C9 /* Sources */,
				45E9417F2B5122FA00CE68C9 /* Frameworks */,
				45E941802B5122FA00CE68C9 /* Resources */,
			);
			buildRules = (
			);
			dependencies = (
			);
			name = MCWeather;
			productName = MCWeather;
			productReference = 45E941822B5122FA00CE68C9 /* MCWeather.app */;
			productType = "com.apple.product-type.application";
		};
/* End PBXNativeTarget section */

/* Begin PBXProject section */
		45E9417A2B5122FA00CE68C9 /* Project object */ = {
			isa = PBXProject;
			attributes = {
				BuildIndependentTargetsInParallel = 1;
				LastSwiftUpdateCheck = 1500;
				LastUpgradeCheck = 1500;
				TargetAttributes = {
					45CB4C482B512A2000C38614 = {
						CreatedOnToolsVersion = 15.0.1;
						TestTargetID = 45E941812B5122FA00CE68C9;
					};
					45E941812B5122FA00CE68C9 = {
						CreatedOnToolsVersion = 15.0.1;
					};
				};
			};
			buildConfigurationList = 45E9417D2B5122FA00CE68C9 /* Build configuration list for PBXProject "MCWeather" */;
			compatibilityVersion = "Xcode 14.0";
			developmentRegion = en;
			hasScannedForEncodings = 0;
			knownRegions = (
				en,
				Base,
			);
			mainGroup = 45E941792B5122FA00CE68C9;
			productRefGroup = 45E941832B5122FA00CE68C9 /* Products */;
			projectDirPath = "";
			projectRoot = "";
			targets = (
				45E941812B5122FA00CE68C9 /* MCWeather */,
				45CB4C482B512A2000C38614 /* MCWeatherTests */,
			);
		};
/* End PBXProject section */

/* Begin PBXResourcesBuildPhase section */
		45CB4C472B512A2000C38614 /* Resources */ = {
			isa = PBXResourcesBuildPhase;
			buildActionMask = 2147483647;
			files = (
			);
			runOnlyForDeploymentPostprocessing = 0;
		};
		45E941802B5122FA00CE68C9 /* Resources */ = {
			isa = PBXResourcesBuildPhase;
			buildActionMask = 2147483647;
			files = (
				45E9418D2B5122FB00CE68C9 /* Preview Assets.xcassets in Resources */,
				45E9418A2B5122FB00CE68C9 /* Assets.xcassets in Resources */,
			);
			runOnlyForDeploymentPostprocessing = 0;
		};
/* End PBXResourcesBuildPhase section */

/* Begin PBXSourcesBuildPhase section */
		45CB4C452B512A2000C38614 /* Sources */ = {
			isa = PBXSourcesBuildPhase;
			buildActionMask = 2147483647;
			files = (
				45CB4C4C2B512A2000C38614 /* MCWeatherServiceTests.swift in Sources */,
				45F8306F2B515395000518EC /* MCWeatherViewModelTests.swift in Sources */,
			);
			runOnlyForDeploymentPostprocessing = 0;
		};
		45E9417E2B5122FA00CE68C9 /* Sources */ = {
			isa = PBXSourcesBuildPhase;
			buildActionMask = 2147483647;
			files = (
				45CB4C422B51288500C38614 /* WeatherService.swift in Sources */,
				4522D5D32B5143800081C190 /* WeatherViewModel.swift in Sources */,
				4522D5DA2B51467C0081C190 /* Double+Values.swift in Sources */,
				4522D5D52B5144D20081C190 /* MockWeatherService.swift in Sources */,
				45F8307D2B51744D000518EC /* Endpoint+WeatherValues.swift in Sources */,
				45F8307B2B5173C0000518EC /* NetworkManager.swift in Sources */,
				45CB4C442B5128EA00C38614 /* Secrets.swift in Sources */,
				45CB4C3F2B51280500C38614 /* WeatherServiceRequestable.swift in Sources */,
				45E941882B5122FA00CE68C9 /* WeatherScreen.swift in Sources */,
				45CB4C3C2B5126C400C38614 /* Weather.swift in Sources */,
				45E941862B5122FA00CE68C9 /* MCWeatherApp.swift in Sources */,
				45CB4C552B512A9900C38614 /* URL+Values.swift in Sources */,
				45F830792B516FE4000518EC /* OnecallEndpoint.swift in Sources */,
				4522D5E02B514B570081C190 /* URL+Utils.swift in Sources */,
				45CB4C572B512CD700C38614 /* WeatherServiceError.swift in Sources */,
				4522D5D82B51459B0081C190 /* String+Values.swift in Sources */,
				45F830762B516E3E000518EC /* Endpoint.swift in Sources */,
			);
			runOnlyForDeploymentPostprocessing = 0;
		};
/* End PBXSourcesBuildPhase section */

/* Begin PBXTargetDependency section */
		45CB4C4E2B512A2000C38614 /* PBXTargetDependency */ = {
			isa = PBXTargetDependency;
			target = 45E941812B5122FA00CE68C9 /* MCWeather */;
			targetProxy = 45CB4C4D2B512A2000C38614 /* PBXContainerItemProxy */;
		};
/* End PBXTargetDependency section */

/* Begin XCBuildConfiguration section */
		45CB4C502B512A2000C38614 /* Debug */ = {
			isa = XCBuildConfiguration;
			buildSettings = {
				BUNDLE_LOADER = "$(TEST_HOST)";
				CODE_SIGN_STYLE = Automatic;
				CURRENT_PROJECT_VERSION = 1;
				DEVELOPMENT_TEAM = YHB6627S43;
				GENERATE_INFOPLIST_FILE = YES;
				MARKETING_VERSION = 1.0;
				PRODUCT_BUNDLE_IDENTIFIER = io.github.mustafacobann.MCWeatherTests;
				PRODUCT_NAME = "$(TARGET_NAME)";
				SWIFT_EMIT_LOC_STRINGS = NO;
				SWIFT_VERSION = 5.0;
				TARGETED_DEVICE_FAMILY = "1,2";
				TEST_HOST = "$(BUILT_PRODUCTS_DIR)/MCWeather.app/$(BUNDLE_EXECUTABLE_FOLDER_PATH)/MCWeather";
			};
			name = Debug;
		};
		45CB4C512B512A2000C38614 /* Release */ = {
			isa = XCBuildConfiguration;
			buildSettings = {
				BUNDLE_LOADER = "$(TEST_HOST)";
				CODE_SIGN_STYLE = Automatic;
				CURRENT_PROJECT_VERSION = 1;
				DEVELOPMENT_TEAM = YHB6627S43;
				GENERATE_INFOPLIST_FILE = YES;
				MARKETING_VERSION = 1.0;
				PRODUCT_BUNDLE_IDENTIFIER = io.github.mustafacobann.MCWeatherTests;
				PRODUCT_NAME = "$(TARGET_NAME)";
				SWIFT_EMIT_LOC_STRINGS = NO;
				SWIFT_VERSION = 5.0;
				TARGETED_DEVICE_FAMILY = "1,2";
				TEST_HOST = "$(BUILT_PRODUCTS_DIR)/MCWeather.app/$(BUNDLE_EXECUTABLE_FOLDER_PATH)/MCWeather";
			};
			name = Release;
		};
		45E9418E2B5122FB00CE68C9 /* Debug */ = {
			isa = XCBuildConfiguration;
			buildSettings = {
				ALWAYS_SEARCH_USER_PATHS = NO;
				ASSETCATALOG_COMPILER_GENERATE_SWIFT_ASSET_SYMBOL_EXTENSIONS = YES;
				CLANG_ANALYZER_NONNULL = YES;
				CLANG_ANALYZER_NUMBER_OBJECT_CONVERSION = YES_AGGRESSIVE;
				CLANG_CXX_LANGUAGE_STANDARD = "gnu++20";
				CLANG_ENABLE_MODULES = YES;
				CLANG_ENABLE_OBJC_ARC = YES;
				CLANG_ENABLE_OBJC_WEAK = YES;
				CLANG_WARN_BLOCK_CAPTURE_AUTORELEASING = YES;
				CLANG_WARN_BOOL_CONVERSION = YES;
				CLANG_WARN_COMMA = YES;
				CLANG_WARN_CONSTANT_CONVERSION = YES;
				CLANG_WARN_DEPRECATED_OBJC_IMPLEMENTATIONS = YES;
				CLANG_WARN_DIRECT_OBJC_ISA_USAGE = YES_ERROR;
				CLANG_WARN_DOCUMENTATION_COMMENTS = YES;
				CLANG_WARN_EMPTY_BODY = YES;
				CLANG_WARN_ENUM_CONVERSION = YES;
				CLANG_WARN_INFINITE_RECURSION = YES;
				CLANG_WARN_INT_CONVERSION = YES;
				CLANG_WARN_NON_LITERAL_NULL_CONVERSION = YES;
				CLANG_WARN_OBJC_IMPLICIT_RETAIN_SELF = YES;
				CLANG_WARN_OBJC_LITERAL_CONVERSION = YES;
				CLANG_WARN_OBJC_ROOT_CLASS = YES_ERROR;
				CLANG_WARN_QUOTED_INCLUDE_IN_FRAMEWORK_HEADER = YES;
				CLANG_WARN_RANGE_LOOP_ANALYSIS = YES;
				CLANG_WARN_STRICT_PROTOTYPES = YES;
				CLANG_WARN_SUSPICIOUS_MOVE = YES;
				CLANG_WARN_UNGUARDED_AVAILABILITY = YES_AGGRESSIVE;
				CLANG_WARN_UNREACHABLE_CODE = YES;
				CLANG_WARN__DUPLICATE_METHOD_MATCH = YES;
				COPY_PHASE_STRIP = NO;
				DEBUG_INFORMATION_FORMAT = dwarf;
				ENABLE_STRICT_OBJC_MSGSEND = YES;
				ENABLE_TESTABILITY = YES;
				ENABLE_USER_SCRIPT_SANDBOXING = YES;
				GCC_C_LANGUAGE_STANDARD = gnu17;
				GCC_DYNAMIC_NO_PIC = NO;
				GCC_NO_COMMON_BLOCKS = YES;
				GCC_OPTIMIZATION_LEVEL = 0;
				GCC_PREPROCESSOR_DEFINITIONS = (
					"DEBUG=1",
					"$(inherited)",
				);
				GCC_WARN_64_TO_32_BIT_CONVERSION = YES;
				GCC_WARN_ABOUT_RETURN_TYPE = YES_ERROR;
				GCC_WARN_UNDECLARED_SELECTOR = YES;
				GCC_WARN_UNINITIALIZED_AUTOS = YES_AGGRESSIVE;
				GCC_WARN_UNUSED_FUNCTION = YES;
				GCC_WARN_UNUSED_VARIABLE = YES;
				IPHONEOS_DEPLOYMENT_TARGET = 17.0;
				LOCALIZATION_PREFERS_STRING_CATALOGS = YES;
				MTL_ENABLE_DEBUG_INFO = INCLUDE_SOURCE;
				MTL_FAST_MATH = YES;
				ONLY_ACTIVE_ARCH = YES;
				SDKROOT = iphoneos;
				SWIFT_ACTIVE_COMPILATION_CONDITIONS = "DEBUG $(inherited)";
				SWIFT_OPTIMIZATION_LEVEL = "-Onone";
			};
			name = Debug;
		};
		45E9418F2B5122FB00CE68C9 /* Release */ = {
			isa = XCBuildConfiguration;
			buildSettings = {
				ALWAYS_SEARCH_USER_PATHS = NO;
				ASSETCATALOG_COMPILER_GENERATE_SWIFT_ASSET_SYMBOL_EXTENSIONS = YES;
				CLANG_ANALYZER_NONNULL = YES;
				CLANG_ANALYZER_NUMBER_OBJECT_CONVERSION = YES_AGGRESSIVE;
				CLANG_CXX_LANGUAGE_STANDARD = "gnu++20";
				CLANG_ENABLE_MODULES = YES;
				CLANG_ENABLE_OBJC_ARC = YES;
				CLANG_ENABLE_OBJC_WEAK = YES;
				CLANG_WARN_BLOCK_CAPTURE_AUTORELEASING = YES;
				CLANG_WARN_BOOL_CONVERSION = YES;
				CLANG_WARN_COMMA = YES;
				CLANG_WARN_CONSTANT_CONVERSION = YES;
				CLANG_WARN_DEPRECATED_OBJC_IMPLEMENTATIONS = YES;
				CLANG_WARN_DIRECT_OBJC_ISA_USAGE = YES_ERROR;
				CLANG_WARN_DOCUMENTATION_COMMENTS = YES;
				CLANG_WARN_EMPTY_BODY = YES;
				CLANG_WARN_ENUM_CONVERSION = YES;
				CLANG_WARN_INFINITE_RECURSION = YES;
				CLANG_WARN_INT_CONVERSION = YES;
				CLANG_WARN_NON_LITERAL_NULL_CONVERSION = YES;
				CLANG_WARN_OBJC_IMPLICIT_RETAIN_SELF = YES;
				CLANG_WARN_OBJC_LITERAL_CONVERSION = YES;
				CLANG_WARN_OBJC_ROOT_CLASS = YES_ERROR;
				CLANG_WARN_QUOTED_INCLUDE_IN_FRAMEWORK_HEADER = YES;
				CLANG_WARN_RANGE_LOOP_ANALYSIS = YES;
				CLANG_WARN_STRICT_PROTOTYPES = YES;
				CLANG_WARN_SUSPICIOUS_MOVE = YES;
				CLANG_WARN_UNGUARDED_AVAILABILITY = YES_AGGRESSIVE;
				CLANG_WARN_UNREACHABLE_CODE = YES;
				CLANG_WARN__DUPLICATE_METHOD_MATCH = YES;
				COPY_PHASE_STRIP = NO;
				DEBUG_INFORMATION_FORMAT = "dwarf-with-dsym";
				ENABLE_NS_ASSERTIONS = NO;
				ENABLE_STRICT_OBJC_MSGSEND = YES;
				ENABLE_USER_SCRIPT_SANDBOXING = YES;
				GCC_C_LANGUAGE_STANDARD = gnu17;
				GCC_NO_COMMON_BLOCKS = YES;
				GCC_WARN_64_TO_32_BIT_CONVERSION = YES;
				GCC_WARN_ABOUT_RETURN_TYPE = YES_ERROR;
				GCC_WARN_UNDECLARED_SELECTOR = YES;
				GCC_WARN_UNINITIALIZED_AUTOS = YES_AGGRESSIVE;
				GCC_WARN_UNUSED_FUNCTION = YES;
				GCC_WARN_UNUSED_VARIABLE = YES;
				IPHONEOS_DEPLOYMENT_TARGET = 17.0;
				LOCALIZATION_PREFERS_STRING_CATALOGS = YES;
				MTL_ENABLE_DEBUG_INFO = NO;
				MTL_FAST_MATH = YES;
				SDKROOT = iphoneos;
				SWIFT_COMPILATION_MODE = wholemodule;
				VALIDATE_PRODUCT = YES;
			};
			name = Release;
		};
		45E941912B5122FB00CE68C9 /* Debug */ = {
			isa = XCBuildConfiguration;
			buildSettings = {
				ASSETCATALOG_COMPILER_APPICON_NAME = AppIcon;
				ASSETCATALOG_COMPILER_GLOBAL_ACCENT_COLOR_NAME = AccentColor;
				CODE_SIGN_STYLE = Automatic;
				CURRENT_PROJECT_VERSION = 1;
				DEVELOPMENT_ASSET_PATHS = "\"MCWeather/Preview Content\"";
				DEVELOPMENT_TEAM = YHB6627S43;
				ENABLE_PREVIEWS = YES;
				GENERATE_INFOPLIST_FILE = YES;
				INFOPLIST_FILE = MCWeather/Info.plist;
				INFOPLIST_KEY_UIApplicationSceneManifest_Generation = YES;
				INFOPLIST_KEY_UIApplicationSupportsIndirectInputEvents = YES;
				INFOPLIST_KEY_UILaunchScreen_Generation = YES;
				INFOPLIST_KEY_UISupportedInterfaceOrientations_iPad = "UIInterfaceOrientationPortrait UIInterfaceOrientationPortraitUpsideDown UIInterfaceOrientationLandscapeLeft UIInterfaceOrientationLandscapeRight";
				INFOPLIST_KEY_UISupportedInterfaceOrientations_iPhone = "UIInterfaceOrientationPortrait UIInterfaceOrientationLandscapeLeft UIInterfaceOrientationLandscapeRight";
				LD_RUNPATH_SEARCH_PATHS = (
					"$(inherited)",
					"@executable_path/Frameworks",
				);
				MARKETING_VERSION = 1.0;
				PRODUCT_BUNDLE_IDENTIFIER = io.github.mustafacobann.MCWeather;
				PRODUCT_NAME = "$(TARGET_NAME)";
				SWIFT_EMIT_LOC_STRINGS = YES;
				SWIFT_VERSION = 5.0;
				TARGETED_DEVICE_FAMILY = "1,2";
			};
			name = Debug;
		};
		45E941922B5122FB00CE68C9 /* Release */ = {
			isa = XCBuildConfiguration;
			buildSettings = {
				ASSETCATALOG_COMPILER_APPICON_NAME = AppIcon;
				ASSETCATALOG_COMPILER_GLOBAL_ACCENT_COLOR_NAME = AccentColor;
				CODE_SIGN_STYLE = Automatic;
				CURRENT_PROJECT_VERSION = 1;
				DEVELOPMENT_ASSET_PATHS = "\"MCWeather/Preview Content\"";
				DEVELOPMENT_TEAM = YHB6627S43;
				ENABLE_PREVIEWS = YES;
				GENERATE_INFOPLIST_FILE = YES;
				INFOPLIST_FILE = MCWeather/Info.plist;
				INFOPLIST_KEY_UIApplicationSceneManifest_Generation = YES;
				INFOPLIST_KEY_UIApplicationSupportsIndirectInputEvents = YES;
				INFOPLIST_KEY_UILaunchScreen_Generation = YES;
				INFOPLIST_KEY_UISupportedInterfaceOrientations_iPad = "UIInterfaceOrientationPortrait UIInterfaceOrientationPortraitUpsideDown UIInterfaceOrientationLandscapeLeft UIInterfaceOrientationLandscapeRight";
				INFOPLIST_KEY_UISupportedInterfaceOrientations_iPhone = "UIInterfaceOrientationPortrait UIInterfaceOrientationLandscapeLeft UIInterfaceOrientationLandscapeRight";
				LD_RUNPATH_SEARCH_PATHS = (
					"$(inherited)",
					"@executable_path/Frameworks",
				);
				MARKETING_VERSION = 1.0;
				PRODUCT_BUNDLE_IDENTIFIER = io.github.mustafacobann.MCWeather;
				PRODUCT_NAME = "$(TARGET_NAME)";
				SWIFT_EMIT_LOC_STRINGS = YES;
				SWIFT_VERSION = 5.0;
				TARGETED_DEVICE_FAMILY = "1,2";
			};
			name = Release;
		};
/* End XCBuildConfiguration section */

/* Begin XCConfigurationList section */
		45CB4C4F2B512A2000C38614 /* Build configuration list for PBXNativeTarget "MCWeatherTests" */ = {
			isa = XCConfigurationList;
			buildConfigurations = (
				45CB4C502B512A2000C38614 /* Debug */,
				45CB4C512B512A2000C38614 /* Release */,
			);
			defaultConfigurationIsVisible = 0;
			defaultConfigurationName = Release;
		};
		45E9417D2B5122FA00CE68C9 /* Build configuration list for PBXProject "MCWeather" */ = {
			isa = XCConfigurationList;
			buildConfigurations = (
				45E9418E2B5122FB00CE68C9 /* Debug */,
				45E9418F2B5122FB00CE68C9 /* Release */,
			);
			defaultConfigurationIsVisible = 0;
			defaultConfigurationName = Release;
		};
		45E941902B5122FB00CE68C9 /* Build configuration list for PBXNativeTarget "MCWeather" */ = {
			isa = XCConfigurationList;
			buildConfigurations = (
				45E941912B5122FB00CE68C9 /* Debug */,
				45E941922B5122FB00CE68C9 /* Release */,
			);
			defaultConfigurationIsVisible = 0;
			defaultConfigurationName = Release;
		};
/* End XCConfigurationList section */
	};
	rootObject = 45E9417A2B5122FA00CE68C9 /* Project object */;
}
